
Microsoft Visual Studio Solution File, Format Version 12.00
# Visual Studio Version 16
VisualStudioVersion = 16.0.28803.452
MinimumVisualStudioVersion = 10.0.40219.1
Project("{9A19103F-16F7-4668-BE54-9A1E7A4F7556}") = "Praxis.Data", "Praxis.Data\Praxis.Data.csproj", "{2CE8178B-B12F-460D-8F05-A86989E9B6A2}"
EndProject
Project("{9A19103F-16F7-4668-BE54-9A1E7A4F7556}") = "Praxis.Entities", "Praxis.Entities\Praxis.Entities.csproj", "{93DDC0CF-E4D0-414E-9C1B-2DC9921FDECC}"
EndProject
Project("{9A19103F-16F7-4668-BE54-9A1E7A4F7556}") = "Praxis.Api", "Praxis.Api\Praxis.Api.csproj", "{D09C6BB4-4E3D-49DF-9F82-5FEC20CB9716}"
EndProject
Project("{FAE04EC0-301F-11D3-BF4B-00C04F79EFBC}") = "Praxis.Service", "Praxis.Service\Praxis.Service.csproj", "{162DF4CA-D515-4770-9F64-5A0D5C384D04}"
EndProject
Global
	GlobalSection(SolutionConfigurationPlatforms) = preSolution
		Debug|Any CPU = Debug|Any CPU
		Release|Any CPU = Release|Any CPU
	EndGlobalSection
	GlobalSection(ProjectConfigurationPlatforms) = postSolution
		{2CE8178B-B12F-460D-8F05-A86989E9B6A2}.Debug|Any CPU.ActiveCfg = Debug|Any CPU
		{2CE8178B-B12F-460D-8F05-A86989E9B6A2}.Debug|Any CPU.Build.0 = Debug|Any CPU
		{2CE8178B-B12F-460D-8F05-A86989E9B6A2}.Release|Any CPU.ActiveCfg = Release|Any CPU
		{2CE8178B-B12F-460D-8F05-A86989E9B6A2}.Release|Any CPU.Build.0 = Release|Any CPU
		{93DDC0CF-E4D0-414E-9C1B-2DC9921FDECC}.Debug|Any CPU.ActiveCfg = Debug|Any CPU
		{93DDC0CF-E4D0-414E-9C1B-2DC9921FDECC}.Debug|Any CPU.Build.0 = Debug|Any CPU
		{93DDC0CF-E4D0-414E-9C1B-2DC9921FDECC}.Release|Any CPU.ActiveCfg = Release|Any CPU
		{93DDC0CF-E4D0-414E-9C1B-2DC9921FDECC}.Release|Any CPU.Build.0 = Release|Any CPU
		{D09C6BB4-4E3D-49DF-9F82-5FEC20CB9716}.Debug|Any CPU.ActiveCfg = Debug|Any CPU
		{D09C6BB4-4E3D-49DF-9F82-5FEC20CB9716}.Debug|Any CPU.Build.0 = Debug|Any CPU
		{D09C6BB4-4E3D-49DF-9F82-5FEC20CB9716}.Release|Any CPU.ActiveCfg = Release|Any CPU
		{D09C6BB4-4E3D-49DF-9F82-5FEC20CB9716}.Release|Any CPU.Build.0 = Release|Any CPU
		{162DF4CA-D515-4770-9F64-5A0D5C384D04}.Debug|Any CPU.ActiveCfg = Debug|Any CPU
		{162DF4CA-D515-4770-9F64-5A0D5C384D04}.Debug|Any CPU.Build.0 = Debug|Any CPU
		{162DF4CA-D515-4770-9F64-5A0D5C384D04}.Release|Any CPU.ActiveCfg = Release|Any CPU
		{162DF4CA-D515-4770-9F64-5A0D5C384D04}.Release|Any CPU.Build.0 = Release|Any CPU
	EndGlobalSection
	GlobalSection(SolutionProperties) = preSolution
		HideSolutionNode = FALSE
	EndGlobalSection
	GlobalSection(ExtensibilityGlobals) = postSolution
		SolutionGuid = {4F03B56D-8441-4642-80B0-78D5868EAE4B}
	EndGlobalSection
EndGlobal
